
Microsoft Visual Studio Solution File, Format Version 12.00
# Visual Studio 2012
Project("{FAE04EC0-301F-11D3-BF4B-00C04F79EFBC}") = "PluginBleTest", "PluginBleTest\PluginBleTest.csproj", "{D8B4ABCF-0597-4E0E-A9F9-00681CF70CB7}"
EndProject
Project("{FAE04EC0-301F-11D3-BF4B-00C04F79EFBC}") = "PluginBleTest.iOS", "iOS\PluginBleTest.iOS.csproj", "{2AF5534A-DD7D-409C-84AB-BF091A2E041B}"
EndProject
Project("{FAE04EC0-301F-11D3-BF4B-00C04F79EFBC}") = "PluginBleTest.Droid", "Droid\PluginBleTest.Droid.csproj", "{29FFCE20-6390-49B0-9889-3D1461837DDB}"
EndProject
Global
	GlobalSection(SolutionConfigurationPlatforms) = preSolution
		Debug|Any CPU = Debug|Any CPU
		Release|Any CPU = Release|Any CPU
		Debug|iPhoneSimulator = Debug|iPhoneSimulator
		Release|iPhone = Release|iPhone
		Release|iPhoneSimulator = Release|iPhoneSimulator
		Debug|iPhone = Debug|iPhone
	EndGlobalSection
	GlobalSection(ProjectConfigurationPlatforms) = postSolution
		{D8B4ABCF-0597-4E0E-A9F9-00681CF70CB7}.Debug|Any CPU.ActiveCfg = Debug|Any CPU
		{D8B4ABCF-0597-4E0E-A9F9-00681CF70CB7}.Debug|Any CPU.Build.0 = Debug|Any CPU
		{D8B4ABCF-0597-4E0E-A9F9-00681CF70CB7}.Release|Any CPU.ActiveCfg = Release|Any CPU
		{D8B4ABCF-0597-4E0E-A9F9-00681CF70CB7}.Release|Any CPU.Build.0 = Release|Any CPU
		{D8B4ABCF-0597-4E0E-A9F9-00681CF70CB7}.Debug|iPhoneSimulator.ActiveCfg = Debug|Any CPU
		{D8B4ABCF-0597-4E0E-A9F9-00681CF70CB7}.Debug|iPhoneSimulator.Build.0 = Debug|Any CPU
		{D8B4ABCF-0597-4E0E-A9F9-00681CF70CB7}.Release|iPhone.ActiveCfg = Release|Any CPU
		{D8B4ABCF-0597-4E0E-A9F9-00681CF70CB7}.Release|iPhone.Build.0 = Release|Any CPU
		{D8B4ABCF-0597-4E0E-A9F9-00681CF70CB7}.Release|iPhoneSimulator.ActiveCfg = Release|Any CPU
		{D8B4ABCF-0597-4E0E-A9F9-00681CF70CB7}.Release|iPhoneSimulator.Build.0 = Release|Any CPU
		{D8B4ABCF-0597-4E0E-A9F9-00681CF70CB7}.Debug|iPhone.ActiveCfg = Debug|Any CPU
		{D8B4ABCF-0597-4E0E-A9F9-00681CF70CB7}.Debug|iPhone.Build.0 = Debug|Any CPU
		{2AF5534A-DD7D-409C-84AB-BF091A2E041B}.Debug|Any CPU.ActiveCfg = Debug|iPhoneSimulator
		{2AF5534A-DD7D-409C-84AB-BF091A2E041B}.Debug|Any CPU.Build.0 = Debug|iPhoneSimulator
		{2AF5534A-DD7D-409C-84AB-BF091A2E041B}.Release|Any CPU.ActiveCfg = Release|iPhone
		{2AF5534A-DD7D-409C-84AB-BF091A2E041B}.Release|Any CPU.Build.0 = Release|iPhone
		{2AF5534A-DD7D-409C-84AB-BF091A2E041B}.Debug|iPhoneSimulator.ActiveCfg = Debug|iPhoneSimulator
		{2AF5534A-DD7D-409C-84AB-BF091A2E041B}.Debug|iPhoneSimulator.Build.0 = Debug|iPhoneSimulator
		{2AF5534A-DD7D-409C-84AB-BF091A2E041B}.Release|iPhone.ActiveCfg = Release|iPhone
		{2AF5534A-DD7D-409C-84AB-BF091A2E041B}.Release|iPhone.Build.0 = Release|iPhone
		{2AF5534A-DD7D-409C-84AB-BF091A2E041B}.Release|iPhoneSimulator.ActiveCfg = Release|iPhoneSimulator
		{2AF5534A-DD7D-409C-84AB-BF091A2E041B}.Release|iPhoneSimulator.Build.0 = Release|iPhoneSimulator
		{2AF5534A-DD7D-409C-84AB-BF091A2E041B}.Debug|iPhone.ActiveCfg = Debug|iPhone
		{2AF5534A-DD7D-409C-84AB-BF091A2E041B}.Debug|iPhone.Build.0 = Debug|iPhone
		{29FFCE20-6390-49B0-9889-3D1461837DDB}.Debug|Any CPU.ActiveCfg = Debug|Any CPU
		{29FFCE20-6390-49B0-9889-3D1461837DDB}.Debug|Any CPU.Build.0 = Debug|Any CPU
		{29FFCE20-6390-49B0-9889-3D1461837DDB}.Release|Any CPU.ActiveCfg = Release|Any CPU
		{29FFCE20-6390-49B0-9889-3D1461837DDB}.Release|Any CPU.Build.0 = Release|Any CPU
		{29FFCE20-6390-49B0-9889-3D1461837DDB}.Debug|iPhoneSimulator.ActiveCfg = Debug|Any CPU
		{29FFCE20-6390-49B0-9889-3D1461837DDB}.Debug|iPhoneSimulator.Build.0 = Debug|Any CPU
		{29FFCE20-6390-49B0-9889-3D1461837DDB}.Release|iPhone.ActiveCfg = Release|Any CPU
		{29FFCE20-6390-49B0-9889-3D1461837DDB}.Release|iPhone.Build.0 = Release|Any CPU
		{29FFCE20-6390-49B0-9889-3D1461837DDB}.Release|iPhoneSimulator.ActiveCfg = Release|Any CPU
		{29FFCE20-6390-49B0-9889-3D1461837DDB}.Release|iPhoneSimulator.Build.0 = Release|Any CPU
		{29FFCE20-6390-49B0-9889-3D1461837DDB}.Debug|iPhone.ActiveCfg = Debug|Any CPU
		{29FFCE20-6390-49B0-9889-3D1461837DDB}.Debug|iPhone.Build.0 = Debug|Any CPU
	EndGlobalSection
EndGlobal
